
Microsoft Visual Studio Solution File, Format Version 12.00
# Visual Studio Version 16
VisualStudioVersion = 16.0.30717.126
MinimumVisualStudioVersion = 10.0.40219.1
Project("{FAE04EC0-301F-11D3-BF4B-00C04F79EFBC}") = "PokedexApi", "PokedexApi\PokedexApi.csproj", "{91DB32C3-8EFE-4312-BF17-C781006584EB}"
EndProject
Global
	GlobalSection(SolutionConfigurationPlatforms) = preSolution
		Debug|Any CPU = Debug|Any CPU
		Release|Any CPU = Release|Any CPU
	EndGlobalSection
	GlobalSection(ProjectConfigurationPlatforms) = postSolution
		{91DB32C3-8EFE-4312-BF17-C781006584EB}.Debug|Any CPU.ActiveCfg = Debug|Any CPU
		{91DB32C3-8EFE-4312-BF17-C781006584EB}.Debug|Any CPU.Build.0 = Debug|Any CPU
		{91DB32C3-8EFE-4312-BF17-C781006584EB}.Release|Any CPU.ActiveCfg = Release|Any CPU
		{91DB32C3-8EFE-4312-BF17-C781006584EB}.Release|Any CPU.Build.0 = Release|Any CPU
	EndGlobalSection
	GlobalSection(SolutionProperties) = preSolution
		HideSolutionNode = FALSE
	EndGlobalSection
	GlobalSection(ExtensibilityGlobals) = postSolution
		SolutionGuid = {52B0DB7B-0DB7-4035-9F99-9519F43C24F2}
	EndGlobalSection
EndGlobal
